{
  "name": "open-slidex-starter",
  "version": "0.2.4",
  "lockfileVersion": 3,
  "requires": true,
  "packages": {
    "": {
      "name": "open-slidex-starter",
      "version": "0.2.4",
      "devDependencies": {
        "open-slidex": "file:../../packages/open-slidex"
      },
      "engines": {
        "node": ">=22.12.0"
      }
    },
    "../../packages/open-slidex": {
      "version": "0.2.4",
      "dev": true,
      "license": "MIT",
      "dependencies": {
        "@codemirror/lang-html": "^6.4.11",
        "@codemirror/lang-javascript": "^6.2.5",
        "@codemirror/lang-markdown": "^6.5.0",
        "@modelcontextprotocol/sdk": "^1.29.0",
        "@uiw/react-codemirror": "^4.25.10",
        "lucide-react": "^1.16.0",
        "pdf-parse": "^1.1.1",
        "playwright-core": "1.61.1",
        "react": "19.2.7",
        "react-dom": "19.2.7",
        "sharp": "^0.35.3",
        "zod": "^4.4.3"
      },
      "bin": {
        "open-slidex": "dist/cli.mjs"
      },
      "engines": {
        "node": ">=22.12.0"
      }
    },
    "node_modules/open-slidex": {
      "resolved": "../../packages/open-slidex",
      "link": true
    }
  }
}
